
Microsoft Visual Studio Solution File, Format Version 12.00
# Visual Studio 15
Project("{FAE04EC0-301F-11D3-BF4B-00C04F79EFBC}") = "Assembly-CSharp", "Assembly-CSharp.csproj", "{F6BE494C-3129-9971-9D0E-BC9CD63BEC41}"
EndProject
Project("{FAE04EC0-301F-11D3-BF4B-00C04F79EFBC}") = "PrimeTween.Demo", "PrimeTween.Demo.csproj", "{C3F98EBA-2F18-6A31-9EDD-BC5DB0AA553F}"
EndProject
Project("{FAE04EC0-301F-11D3-BF4B-00C04F79EFBC}") = "PrimeTween.Debug", "PrimeTween.Debug.csproj", "{92327E87-034C-BBDA-1333-414A4C3B5138}"
EndProject
Project("{FAE04EC0-301F-11D3-BF4B-00C04F79EFBC}") = "Assembly-CSharp-Editor", "Assembly-CSharp-Editor.csproj", "{6FE8262E-BC9B-B0B6-A9FD-44406AB0456E}"
EndProject
Project("{FAE04EC0-301F-11D3-BF4B-00C04F79EFBC}") = "PrimeTween.Installer", "PrimeTween.Installer.csproj", "{61EF6E87-0D01-BA20-01D7-FE4D9C0A2B94}"
EndProject
Global
	GlobalSection(SolutionConfigurationPlatforms) = preSolution
		Debug|Any CPU = Debug|Any CPU
		Release|Any CPU = Release|Any CPU
	EndGlobalSection
	GlobalSection(ProjectConfigurationPlatforms) = postSolution
		{F6BE494C-3129-9971-9D0E-BC9CD63BEC41}.Debug|Any CPU.ActiveCfg = Debug|Any CPU
		{F6BE494C-3129-9971-9D0E-BC9CD63BEC41}.Debug|Any CPU.Build.0 = Debug|Any CPU
		{F6BE494C-3129-9971-9D0E-BC9CD63BEC41}.Release|Any CPU.ActiveCfg = Release|Any CPU
		{F6BE494C-3129-9971-9D0E-BC9CD63BEC41}.Release|Any CPU.Build.0 = Release|Any CPU
		{C3F98EBA-2F18-6A31-9EDD-BC5DB0AA553F}.Debug|Any CPU.ActiveCfg = Debug|Any CPU
		{C3F98EBA-2F18-6A31-9EDD-BC5DB0AA553F}.Debug|Any CPU.Build.0 = Debug|Any CPU
		{C3F98EBA-2F18-6A31-9EDD-BC5DB0AA553F}.Release|Any CPU.ActiveCfg = Release|Any CPU
		{C3F98EBA-2F18-6A31-9EDD-BC5DB0AA553F}.Release|Any CPU.Build.0 = Release|Any CPU
		{92327E87-034C-BBDA-1333-414A4C3B5138}.Debug|Any CPU.ActiveCfg = Debug|Any CPU
		{92327E87-034C-BBDA-1333-414A4C3B5138}.Debug|Any CPU.Build.0 = Debug|Any CPU
		{92327E87-034C-BBDA-1333-414A4C3B5138}.Release|Any CPU.ActiveCfg = Release|Any CPU
		{92327E87-034C-BBDA-1333-414A4C3B5138}.Release|Any CPU.Build.0 = Release|Any CPU
		{6FE8262E-BC9B-B0B6-A9FD-44406AB0456E}.Debug|Any CPU.ActiveCfg = Debug|Any CPU
		{6FE8262E-BC9B-B0B6-A9FD-44406AB0456E}.Debug|Any CPU.Build.0 = Debug|Any CPU
		{6FE8262E-BC9B-B0B6-A9FD-44406AB0456E}.Release|Any CPU.ActiveCfg = Release|Any CPU
		{6FE8262E-BC9B-B0B6-A9FD-44406AB0456E}.Release|Any CPU.Build.0 = Release|Any CPU
		{61EF6E87-0D01-BA20-01D7-FE4D9C0A2B94}.Debug|Any CPU.ActiveCfg = Debug|Any CPU
		{61EF6E87-0D01-BA20-01D7-FE4D9C0A2B94}.Debug|Any CPU.Build.0 = Debug|Any CPU
		{61EF6E87-0D01-BA20-01D7-FE4D9C0A2B94}.Release|Any CPU.ActiveCfg = Release|Any CPU
		{61EF6E87-0D01-BA20-01D7-FE4D9C0A2B94}.Release|Any CPU.Build.0 = Release|Any CPU
	EndGlobalSection
	GlobalSection(SolutionProperties) = preSolution
		HideSolutionNode = FALSE
	EndGlobalSection
EndGlobal
